{
  "version": 4,
  "terraform_version": "0.12.24",
  "serial": 1,
  "lineage": "7ee00176-4c95-e1c5-77c3-add604d26215",
  "outputs": {},
  "resources": [
    {
      "mode": "data",
      "type": "google_client_config",
      "name": "default",
      "provider": "provider.google",
      "instances": [
        {
          "schema_version": 0,
          "attributes": {
            "access_token": "ya29.a0AfH6SMBosyqfX__OoZv4KTx5kc3Gd4rVHSZboVqbrKoT453HZYvyYiLT4VRYrjWPBZu2xR1ajf0Z0NuVtmlInPoCs9HLXzwhziV9aD-EjW5qbsNJhXcTAroT7OAeG8EAIW3fbIvrCL4V_e4Sz4xlgzPINcXnXf9tacyU_N6IN9XhLMAE2yVh8UTr4fvw77n9QlI3chNe0UeOCtEYa98zi-pv2zXnT2-Ijuwizq1hCo8O4naq_yu7EzdaUdMPvQ4rY3stfQ",
            "id": "projects/deloitte-demo-308622/regions/us-central1/zones/us-central1-a",
            "project": "deloitte-demo-308622",
            "region": "us-central1",
            "zone": "us-central1-a"
          }
        }
      ]
    },
    {
      "mode": "managed",
      "type": "google_container_cluster",
      "name": "gke-cluster",
      "provider": "provider.google",
      "instances": [
        {
          "schema_version": 1,
          "attributes": {
            "addons_config": [
              {
                "cloudrun_config": [],
                "horizontal_pod_autoscaling": [],
                "http_load_balancing": [],
                "network_policy_config": [
                  {
                    "disabled": true
                  }
                ]
              }
            ],
            "authenticator_groups_config": [],
            "cluster_autoscaling": [
              {
                "auto_provisioning_defaults": [],
                "enabled": false,
                "resource_limits": []
              }
            ],
            "cluster_ipv4_cidr": "10.112.0.0/14",
            "database_encryption": [
              {
                "key_name": "",
                "state": "DECRYPTED"
              }
            ],
            "datapath_provider": "",
            "default_max_pods_per_node": null,
            "default_snat_status": [
              {
                "disabled": false
              }
            ],
            "description": "",
            "enable_binary_authorization": false,
            "enable_intranode_visibility": false,
            "enable_kubernetes_alpha": false,
            "enable_legacy_abac": false,
            "enable_shielded_nodes": false,
            "enable_tpu": false,
            "endpoint": "35.222.172.91",
            "id": "projects/deloitte-demo-308622/locations/us-central1-a/clusters/demo-events-feed-cluster",
            "initial_node_count": 3,
            "instance_group_urls": [
              "https://www.googleapis.com/compute/v1/projects/deloitte-demo-308622/zones/us-central1-a/instanceGroups/gke-demo-events-feed-clu-default-pool-b6641644-grp"
            ],
            "ip_allocation_policy": [],
            "label_fingerprint": "a9dc16a7",
            "location": "us-central1-a",
            "logging_service": "logging.googleapis.com/kubernetes",
            "maintenance_policy": [],
            "master_auth": [
              {
                "client_certificate": "",
                "client_certificate_config": [
                  {
                    "issue_client_certificate": false
                  }
                ],
                "client_key": "",
                "cluster_ca_certificate": "LS0tLS1CRUdJTiBDRVJUSUZJQ0FURS0tLS0tCk1JSURLekNDQWhPZ0F3SUJBZ0lSQUlWaGdQZ3Jtb0VjYWdiK1Y5S3RPejB3RFFZSktvWklodmNOQVFFTEJRQXcKTHpFdE1Dc0dBMVVFQXhNa1lUa3lOekJtWXpNdE1UYzNOaTAwTm1KaUxUbGtNR1V0TVRNek1HWm1PVEpsTTJZMQpNQjRYRFRJeE1ETXlOekF3TWpJME5Gb1hEVEkyTURNeU5qQXhNakkwTkZvd0x6RXRNQ3NHQTFVRUF4TWtZVGt5Ck56Qm1Zek10TVRjM05pMDBObUppTFRsa01HVXRNVE16TUdabU9USmxNMlkxTUlJQklqQU5CZ2txaGtpRzl3MEIKQVFFRkFBT0NBUThBTUlJQkNnS0NBUUVBNUlTbFNqQmF4eXpvMjZmN0hKQmh0Q0RYUEdnc0FYVHRJd0tDdE1mcApWZ09SQjRjWlVWVUhEdHVSYVBrcGc0cTZTZEJsRzArS05Ob1Ntd0NwY1c1UDJOOFluWUtFdm1QSDZhOHBNa0V3CmNQWEhXWmhIVUVuL0VidmY0S3BUaXYvQlFSR0RUOVMyOW9RMGlCaUs5eTdBSkhEbTJBWnhod1VJZ2FMMWt1LysKV0RqSGN4ekwzdzdMVGxzQmlRbE5iLzBrK1A3eXZ0cGIwbEpiYUU3NFZkZnZPeVM5Ky9tWmE2Zk4wNm81c0VLTwplU0NTNVZMeEltSmxhTmhhb2VvMWVGUys5V1k1KzNwRE5mRzJSdnVGbnVjUkhNUHd4T05DYnhOandMWkdmNC94ClArRVg3TTQ1OUhXVjNJSUQ5bUNkMmJiekptSjN5Z0IxU2l4Um4yT1RkbG5XalFJREFRQUJvMEl3UURBT0JnTlYKSFE4QkFmOEVCQU1DQWdRd0R3WURWUjBUQVFIL0JBVXdBd0VCL3pBZEJnTlZIUTRFRmdRVUp1RnFyelZ5RWxzagpLVk5WUEcwcHp4OWRJV3d3RFFZSktvWklodmNOQVFFTEJRQURnZ0VCQUxDQXEzbXIzMFY5Z01OS2E4d1FNejRHCjNlQ3c1KzJtQ2NmTjUvNW1QU3RZQzZ1RTZBbWhKQWpVVjBLR05PQk9XMHl6VFdGSFMwSnhlaVdxczR1bGRPWEgKaUg2alNPMG40a1NQazdsdHhBL2VVRUpjT1NvcDA4YnBuWHJ4Rlc4Nmk1RjVUTmlCTEhabnlOUW9uL1pwZXhUNwp5c0ZFUVFMdTFwRUZzMW05T2xhSk1vRTBWUGlKT0t5YXVkcG9oMkRkQnk4MGx5V0diMjhxUVp6dTBUcmJQMjF4ClQwYk9GalViYTRnL0M0UCtPZGl3c0Uwb1gwb3plUkVUTTArdTVqUlFWQVV0d3ptY3QySkgrdzkyRGFDVUNLaVgKU3oybUhrWTRhZHZNSGZtMlIvaDZ4aTB4YmlZU3JpZTBuQTROMWpDaVlBbHFPeUtJb2Vkd3dBV2pQOHdDNjRzPQotLS0tLUVORCBDRVJUSUZJQ0FURS0tLS0tCg==",
                "password": "",
                "username": ""
              }
            ],
            "master_authorized_networks_config": [],
            "master_version": "1.18.15-gke.1501",
            "min_master_version": null,
            "monitoring_service": "monitoring.googleapis.com/kubernetes",
            "name": "demo-events-feed-cluster",
            "network": "projects/deloitte-demo-308622/global/networks/default",
            "network_policy": [
              {
                "enabled": false,
                "provider": "PROVIDER_UNSPECIFIED"
              }
            ],
            "node_config": [
              {
                "disk_size_gb": 100,
                "disk_type": "pd-standard",
                "guest_accelerator": [],
                "image_type": "COS",
                "labels": {},
                "local_ssd_count": 0,
                "machine_type": "n1-standard-1",
                "metadata": {
                  "disable-legacy-endpoints": "true"
                },
                "min_cpu_platform": "",
                "oauth_scopes": [
                  "https://www.googleapis.com/auth/cloud-platform"
                ],
                "preemptible": true,
                "service_account": "default",
                "shielded_instance_config": [
                  {
                    "enable_integrity_monitoring": true,
                    "enable_secure_boot": false
                  }
                ],
                "tags": null,
                "taint": [],
                "workload_metadata_config": []
              }
            ],
            "node_locations": [],
            "node_pool": [
              {
                "autoscaling": [],
                "initial_node_count": 3,
                "instance_group_urls": [
                  "https://www.googleapis.com/compute/v1/projects/deloitte-demo-308622/zones/us-central1-a/instanceGroupManagers/gke-demo-events-feed-clu-default-pool-b6641644-grp"
                ],
                "management": [
                  {
                    "auto_repair": true,
                    "auto_upgrade": true
                  }
                ],
                "max_pods_per_node": 0,
                "name": "default-pool",
                "name_prefix": "",
                "node_config": [
                  {
                    "disk_size_gb": 100,
                    "disk_type": "pd-standard",
                    "guest_accelerator": [],
                    "image_type": "COS",
                    "labels": {},
                    "local_ssd_count": 0,
                    "machine_type": "n1-standard-1",
                    "metadata": {
                      "disable-legacy-endpoints": "true"
                    },
                    "min_cpu_platform": "",
                    "oauth_scopes": [
                      "https://www.googleapis.com/auth/cloud-platform"
                    ],
                    "preemptible": true,
                    "service_account": "default",
                    "shielded_instance_config": [
                      {
                        "enable_integrity_monitoring": true,
                        "enable_secure_boot": false
                      }
                    ],
                    "tags": [],
                    "taint": [],
                    "workload_metadata_config": []
                  }
                ],
                "node_count": 3,
                "node_locations": [
                  "us-central1-a"
                ],
                "upgrade_settings": [
                  {
                    "max_surge": 1,
                    "max_unavailable": 0
                  }
                ],
                "version": "1.18.15-gke.1501"
              }
            ],
            "node_version": "1.18.15-gke.1501",
            "operation": null,
            "pod_security_policy_config": [],
            "private_cluster_config": [],
            "project": "deloitte-demo-308622",
            "release_channel": [
              {
                "channel": "REGULAR"
              }
            ],
            "remove_default_node_pool": null,
            "resource_labels": null,
            "resource_usage_export_config": [],
            "self_link": "https://container.googleapis.com/v1beta1/projects/deloitte-demo-308622/zones/us-central1-a/clusters/demo-events-feed-cluster",
            "services_ipv4_cidr": "10.115.240.0/20",
            "subnetwork": "projects/deloitte-demo-308622/regions/us-central1/subnetworks/default",
            "timeouts": null,
            "tpu_ipv4_cidr_block": "",
            "vertical_pod_autoscaling": [],
            "workload_identity_config": []
          },
          "private": "eyJlMmJmYjczMC1lY2FhLTExZTYtOGY4OC0zNDM2M2JjN2M0YzAiOnsiY3JlYXRlIjoyNDAwMDAwMDAwMDAwLCJkZWxldGUiOjI0MDAwMDAwMDAwMDAsInJlYWQiOjI0MDAwMDAwMDAwMDAsInVwZGF0ZSI6MzYwMDAwMDAwMDAwMH0sInNjaGVtYV92ZXJzaW9uIjoiMSJ9"
        }
      ]
    }
  ]
}
